// !$*UTF8*$!
{
	archiveVersion = 1;
	classes = {
	};
	objectVersion = 48;
	objects = {

/* Begin PBXBuildFile section */
		576C24442076518E008E9B82 /* ScoresViewController.swift in Sources */ = {isa = PBXBuildFile; fileRef = 576C24432076518E008E9B82 /* ScoresViewController.swift */; };
		576C244620766C6B008E9B82 /* ScoreCell.swift in Sources */ = {isa = PBXBuildFile; fileRef = 576C244520766C6B008E9B82 /* ScoreCell.swift */; };
		576C24492076721F008E9B82 /* PersonScore.swift in Sources */ = {isa = PBXBuildFile; fileRef = 576C24482076721F008E9B82 /* PersonScore.swift */; };
		D203E836207CE76A00081BC9 /* Game.swift in Sources */ = {isa = PBXBuildFile; fileRef = D203E835207CE76A00081BC9 /* Game.swift */; };
		D203E839207CE79700081BC9 /* BullsEyeSpecs.swift in Sources */ = {isa = PBXBuildFile; fileRef = D203E838207CE79700081BC9 /* BullsEyeSpecs.swift */; };
		D203E83D207CFEFC00081BC9 /* Person.swift in Sources */ = {isa = PBXBuildFile; fileRef = D203E83C207CFEFC00081BC9 /* Person.swift */; };
		D203E840207D001F00081BC9 /* PersonSpecs.swift in Sources */ = {isa = PBXBuildFile; fileRef = D203E83F207D001F00081BC9 /* PersonSpecs.swift */; };
		D22DFDED207E3AA300AD3E79 /* GameViewController.swift in Sources */ = {isa = PBXBuildFile; fileRef = D22DFDEC207E3AA300AD3E79 /* GameViewController.swift */; };
		D22DFDF0207E3C5600AD3E79 /* GamePresenter.swift in Sources */ = {isa = PBXBuildFile; fileRef = D22DFDEF207E3C5600AD3E79 /* GamePresenter.swift */; };
		D22DFDF3207E3C7700AD3E79 /* GamePresenterSpecs.swift in Sources */ = {isa = PBXBuildFile; fileRef = D22DFDF2207E3C7700AD3E79 /* GamePresenterSpecs.swift */; };
		D22FD9AB207E4409005FDDA9 /* GameViewControllerSpecs.swift in Sources */ = {isa = PBXBuildFile; fileRef = D22FD9AA207E4409005FDDA9 /* GameViewControllerSpecs.swift */; };
		D268BF49207D0A2600BEA227 /* Score.swift in Sources */ = {isa = PBXBuildFile; fileRef = D268BF48207D0A2600BEA227 /* Score.swift */; };
		D268BF4C207D117A00BEA227 /* ScoreCalculator.swift in Sources */ = {isa = PBXBuildFile; fileRef = D268BF4B207D117A00BEA227 /* ScoreCalculator.swift */; };
		D268BF4E207D37D400BEA227 /* ScoreSpecs.swift in Sources */ = {isa = PBXBuildFile; fileRef = D268BF4D207D37D400BEA227 /* ScoreSpecs.swift */; };
		D268BF50207D5E6E00BEA227 /* ScoreCalculatorSpecs.swift in Sources */ = {isa = PBXBuildFile; fileRef = D268BF4F207D5E6E00BEA227 /* ScoreCalculatorSpecs.swift */; };
		D29BDF37207E9373008F30D9 /* ScoreAlertGenerator.swift in Sources */ = {isa = PBXBuildFile; fileRef = D29BDF36207E9373008F30D9 /* ScoreAlertGenerator.swift */; };
		D29BDF39207E94E3008F30D9 /* Alert.swift in Sources */ = {isa = PBXBuildFile; fileRef = D29BDF38207E94E3008F30D9 /* Alert.swift */; };
		DD848B731EEBA850007D8A56 /* AppDelegate.swift in Sources */ = {isa = PBXBuildFile; fileRef = DD848B721EEBA850007D8A56 /* AppDelegate.swift */; };
		DD848B751EEBA850007D8A56 /* ViewController.swift in Sources */ = {isa = PBXBuildFile; fileRef = DD848B741EEBA850007D8A56 /* ViewController.swift */; };
		DD848B781EEBA850007D8A56 /* Main.storyboard in Resources */ = {isa = PBXBuildFile; fileRef = DD848B761EEBA850007D8A56 /* Main.storyboard */; };
		DD848B7A1EEBA850007D8A56 /* Assets.xcassets in Resources */ = {isa = PBXBuildFile; fileRef = DD848B791EEBA850007D8A56 /* Assets.xcassets */; };
		DD848B7D1EEBA850007D8A56 /* LaunchScreen.storyboard in Resources */ = {isa = PBXBuildFile; fileRef = DD848B7B1EEBA850007D8A56 /* LaunchScreen.storyboard */; };
		DDFCE69C1EF0D7DF00B42325 /* AboutViewController.swift in Sources */ = {isa = PBXBuildFile; fileRef = DDFCE69B1EF0D7DF00B42325 /* AboutViewController.swift */; };
		E39357C7230C889B41A61283 /* Pods_Tests.framework in Frameworks */ = {isa = PBXBuildFile; fileRef = FD96CE27BF06E116758C5291 /* Pods_Tests.framework */; };
		F6588C77F479F70A341D8CE9 /* Pods_BullsEye.framework in Frameworks */ = {isa = PBXBuildFile; fileRef = C8AC40F5D3C9338B6BC281BA /* Pods_BullsEye.framework */; };
/* End PBXBuildFile section */

/* Begin PBXContainerItemProxy section */
		57A11CDF207B96D600859756 /* PBXContainerItemProxy */ = {
			isa = PBXContainerItemProxy;
			containerPortal = DD848B671EEBA850007D8A56 /* Project object */;
			proxyType = 1;
			remoteGlobalIDString = DD848B6E1EEBA850007D8A56;
			remoteInfo = BullsEye;
		};
/* End PBXContainerItemProxy section */

/* Begin PBXFileReference section */
		13CC444BE5ACDA3792FD6928 /* Pods-BullsEye.debug.xcconfig */ = {isa = PBXFileReference; includeInIndex = 1; lastKnownFileType = text.xcconfig; name = "Pods-BullsEye.debug.xcconfig"; path = "Pods/Target Support Files/Pods-BullsEye/Pods-BullsEye.debug.xcconfig"; sourceTree = "<group>"; };
		14AD6694F43471B886026769 /* Pods-BullsEye.release.xcconfig */ = {isa = PBXFileReference; includeInIndex = 1; lastKnownFileType = text.xcconfig; name = "Pods-BullsEye.release.xcconfig"; path = "Pods/Target Support Files/Pods-BullsEye/Pods-BullsEye.release.xcconfig"; sourceTree = "<group>"; };
		21778131D07F0727D4503DA2 /* Pods-Tests.debug.xcconfig */ = {isa = PBXFileReference; includeInIndex = 1; lastKnownFileType = text.xcconfig; name = "Pods-Tests.debug.xcconfig"; path = "Pods/Target Support Files/Pods-Tests/Pods-Tests.debug.xcconfig"; sourceTree = "<group>"; };
		576C24432076518E008E9B82 /* ScoresViewController.swift */ = {isa = PBXFileReference; lastKnownFileType = sourcecode.swift; path = ScoresViewController.swift; sourceTree = "<group>"; };
		576C244520766C6B008E9B82 /* ScoreCell.swift */ = {isa = PBXFileReference; lastKnownFileType = sourcecode.swift; path = ScoreCell.swift; sourceTree = "<group>"; };
		576C24482076721F008E9B82 /* PersonScore.swift */ = {isa = PBXFileReference; lastKnownFileType = sourcecode.swift; path = PersonScore.swift; sourceTree = "<group>"; };
		57A11CDA207B96D500859756 /* Tests.xctest */ = {isa = PBXFileReference; explicitFileType = wrapper.cfbundle; includeInIndex = 0; path = Tests.xctest; sourceTree = BUILT_PRODUCTS_DIR; };
		57A11CDE207B96D600859756 /* Info.plist */ = {isa = PBXFileReference; lastKnownFileType = text.plist.xml; path = Info.plist; sourceTree = "<group>"; };
		C8AC40F5D3C9338B6BC281BA /* Pods_BullsEye.framework */ = {isa = PBXFileReference; explicitFileType = wrapper.framework; includeInIndex = 0; path = Pods_BullsEye.framework; sourceTree = BUILT_PRODUCTS_DIR; };
		CA7C43066304A329DB86604D /* Pods-Tests.release.xcconfig */ = {isa = PBXFileReference; includeInIndex = 1; lastKnownFileType = text.xcconfig; name = "Pods-Tests.release.xcconfig"; path = "Pods/Target Support Files/Pods-Tests/Pods-Tests.release.xcconfig"; sourceTree = "<group>"; };
		D203E835207CE76A00081BC9 /* Game.swift */ = {isa = PBXFileReference; lastKnownFileType = sourcecode.swift; path = Game.swift; sourceTree = "<group>"; };
		D203E838207CE79700081BC9 /* BullsEyeSpecs.swift */ = {isa = PBXFileReference; lastKnownFileType = sourcecode.swift; path = BullsEyeSpecs.swift; sourceTree = "<group>"; };
		D203E83C207CFEFC00081BC9 /* Person.swift */ = {isa = PBXFileReference; lastKnownFileType = sourcecode.swift; path = Person.swift; sourceTree = "<group>"; };
		D203E83F207D001F00081BC9 /* PersonSpecs.swift */ = {isa = PBXFileReference; lastKnownFileType = sourcecode.swift; path = PersonSpecs.swift; sourceTree = "<group>"; };
		D22DFDEC207E3AA300AD3E79 /* GameViewController.swift */ = {isa = PBXFileReference; lastKnownFileType = sourcecode.swift; path = GameViewController.swift; sourceTree = "<group>"; };
		D22DFDEF207E3C5600AD3E79 /* GamePresenter.swift */ = {isa = PBXFileReference; lastKnownFileType = sourcecode.swift; path = GamePresenter.swift; sourceTree = "<group>"; };
		D22DFDF2207E3C7700AD3E79 /* GamePresenterSpecs.swift */ = {isa = PBXFileReference; lastKnownFileType = sourcecode.swift; path = GamePresenterSpecs.swift; sourceTree = "<group>"; };
		D22FD9AA207E4409005FDDA9 /* GameViewControllerSpecs.swift */ = {isa = PBXFileReference; lastKnownFileType = sourcecode.swift; path = GameViewControllerSpecs.swift; sourceTree = "<group>"; };
		D268BF48207D0A2600BEA227 /* Score.swift */ = {isa = PBXFileReference; lastKnownFileType = sourcecode.swift; path = Score.swift; sourceTree = "<group>"; };
		D268BF4B207D117A00BEA227 /* ScoreCalculator.swift */ = {isa = PBXFileReference; lastKnownFileType = sourcecode.swift; path = ScoreCalculator.swift; sourceTree = "<group>"; };
		D268BF4D207D37D400BEA227 /* ScoreSpecs.swift */ = {isa = PBXFileReference; lastKnownFileType = sourcecode.swift; path = ScoreSpecs.swift; sourceTree = "<group>"; };
		D268BF4F207D5E6E00BEA227 /* ScoreCalculatorSpecs.swift */ = {isa = PBXFileReference; lastKnownFileType = sourcecode.swift; path = ScoreCalculatorSpecs.swift; sourceTree = "<group>"; };
		D29BDF36207E9373008F30D9 /* ScoreAlertGenerator.swift */ = {isa = PBXFileReference; lastKnownFileType = sourcecode.swift; path = ScoreAlertGenerator.swift; sourceTree = "<group>"; };
		D29BDF38207E94E3008F30D9 /* Alert.swift */ = {isa = PBXFileReference; lastKnownFileType = sourcecode.swift; path = Alert.swift; sourceTree = "<group>"; };
		DD4643A51EF214F400E877E9 /* BullsEye.html */ = {isa = PBXFileReference; lastKnownFileType = text.html; path = BullsEye.html; sourceTree = "<group>"; };
		DD848B6F1EEBA850007D8A56 /* BullsEye.app */ = {isa = PBXFileReference; explicitFileType = wrapper.application; includeInIndex = 0; path = BullsEye.app; sourceTree = BUILT_PRODUCTS_DIR; };
		DD848B721EEBA850007D8A56 /* AppDelegate.swift */ = {isa = PBXFileReference; lastKnownFileType = sourcecode.swift; path = AppDelegate.swift; sourceTree = "<group>"; };
		DD848B741EEBA850007D8A56 /* ViewController.swift */ = {isa = PBXFileReference; lastKnownFileType = sourcecode.swift; path = ViewController.swift; sourceTree = "<group>"; };
		DD848B771EEBA850007D8A56 /* Base */ = {isa = PBXFileReference; lastKnownFileType = file.storyboard; name = Base; path = Base.lproj/Main.storyboard; sourceTree = "<group>"; };
		DD848B791EEBA850007D8A56 /* Assets.xcassets */ = {isa = PBXFileReference; lastKnownFileType = folder.assetcatalog; path = Assets.xcassets; sourceTree = "<group>"; };
		DD848B7C1EEBA850007D8A56 /* Base */ = {isa = PBXFileReference; lastKnownFileType = file.storyboard; name = Base; path = Base.lproj/LaunchScreen.storyboard; sourceTree = "<group>"; };
		DD848B7E1EEBA850007D8A56 /* Info.plist */ = {isa = PBXFileReference; lastKnownFileType = text.plist.xml; path = Info.plist; sourceTree = "<group>"; };
		DDFCE69B1EF0D7DF00B42325 /* AboutViewController.swift */ = {isa = PBXFileReference; lastKnownFileType = sourcecode.swift; path = AboutViewController.swift; sourceTree = "<group>"; };
		FD96CE27BF06E116758C5291 /* Pods_Tests.framework */ = {isa = PBXFileReference; explicitFileType = wrapper.framework; includeInIndex = 0; path = Pods_Tests.framework; sourceTree = BUILT_PRODUCTS_DIR; };
/* End PBXFileReference section */

/* Begin PBXFrameworksBuildPhase section */
		57A11CD7207B96D500859756 /* Frameworks */ = {
			isa = PBXFrameworksBuildPhase;
			buildActionMask = 2147483647;
			files = (
				E39357C7230C889B41A61283 /* Pods_Tests.framework in Frameworks */,
			);
			runOnlyForDeploymentPostprocessing = 0;
		};
		DD848B6C1EEBA850007D8A56 /* Frameworks */ = {
			isa = PBXFrameworksBuildPhase;
			buildActionMask = 2147483647;
			files = (
				F6588C77F479F70A341D8CE9 /* Pods_BullsEye.framework in Frameworks */,
			);
			runOnlyForDeploymentPostprocessing = 0;
		};
/* End PBXFrameworksBuildPhase section */

/* Begin PBXGroup section */
		3F19836FEF56D25F15B1943A /* Pods */ = {
			isa = PBXGroup;
			children = (
				13CC444BE5ACDA3792FD6928 /* Pods-BullsEye.debug.xcconfig */,
				14AD6694F43471B886026769 /* Pods-BullsEye.release.xcconfig */,
				21778131D07F0727D4503DA2 /* Pods-Tests.debug.xcconfig */,
				CA7C43066304A329DB86604D /* Pods-Tests.release.xcconfig */,
			);
			name = Pods;
			sourceTree = "<group>";
		};
		576C244720767216008E9B82 /* Model */ = {
			isa = PBXGroup;
			children = (
				D203E83C207CFEFC00081BC9 /* Person.swift */,
				576C24482076721F008E9B82 /* PersonScore.swift */,
				D268BF48207D0A2600BEA227 /* Score.swift */,
				D29BDF38207E94E3008F30D9 /* Alert.swift */,
			);
			path = Model;
			sourceTree = "<group>";
		};
		57A11CDB207B96D600859756 /* Tests */ = {
			isa = PBXGroup;
			children = (
				D22FD9A9207E43F2005FDDA9 /* View */,
				D22DFDF1207E3C6400AD3E79 /* Presenter */,
				D203E83E207D000E00081BC9 /* Model */,
				D203E837207CE78400081BC9 /* Game */,
				57A11CDE207B96D600859756 /* Info.plist */,
			);
			path = Tests;
			sourceTree = "<group>";
		};
		79FFDB3E5163EED02D443902 /* Frameworks */ = {
			isa = PBXGroup;
			children = (
				C8AC40F5D3C9338B6BC281BA /* Pods_BullsEye.framework */,
				FD96CE27BF06E116758C5291 /* Pods_Tests.framework */,
			);
			name = Frameworks;
			sourceTree = "<group>";
		};
		D203E834207CE74300081BC9 /* Game */ = {
			isa = PBXGroup;
			children = (
				D203E835207CE76A00081BC9 /* Game.swift */,
				D268BF4B207D117A00BEA227 /* ScoreCalculator.swift */,
				D29BDF36207E9373008F30D9 /* ScoreAlertGenerator.swift */,
			);
			path = Game;
			sourceTree = "<group>";
		};
		D203E837207CE78400081BC9 /* Game */ = {
			isa = PBXGroup;
			children = (
				D203E838207CE79700081BC9 /* BullsEyeSpecs.swift */,
				D268BF4F207D5E6E00BEA227 /* ScoreCalculatorSpecs.swift */,
			);
			path = Game;
			sourceTree = "<group>";
		};
		D203E83E207D000E00081BC9 /* Model */ = {
			isa = PBXGroup;
			children = (
				D203E83F207D001F00081BC9 /* PersonSpecs.swift */,
				D268BF4D207D37D400BEA227 /* ScoreSpecs.swift */,
			);
			path = Model;
			sourceTree = "<group>";
		};
		D22DFDEB207E3A6600AD3E79 /* View */ = {
			isa = PBXGroup;
			children = (
				D22DFDEC207E3AA300AD3E79 /* GameViewController.swift */,
			);
			path = View;
			sourceTree = "<group>";
		};
		D22DFDEE207E3C0700AD3E79 /* Presenter */ = {
			isa = PBXGroup;
			children = (
				D22DFDEF207E3C5600AD3E79 /* GamePresenter.swift */,
			);
			path = Presenter;
			sourceTree = "<group>";
		};
		D22DFDF1207E3C6400AD3E79 /* Presenter */ = {
			isa = PBXGroup;
			children = (
				D22DFDF2207E3C7700AD3E79 /* GamePresenterSpecs.swift */,
			);
			path = Presenter;
			sourceTree = "<group>";
		};
		D22FD9A9207E43F2005FDDA9 /* View */ = {
			isa = PBXGroup;
			children = (
				D22FD9AA207E4409005FDDA9 /* GameViewControllerSpecs.swift */,
			);
			path = View;
			sourceTree = "<group>";
		};
		DD848B661EEBA850007D8A56 = {
			isa = PBXGroup;
			children = (
				DD848B711EEBA850007D8A56 /* BullsEye */,
				57A11CDB207B96D600859756 /* Tests */,
				DD848B701EEBA850007D8A56 /* Products */,
				3F19836FEF56D25F15B1943A /* Pods */,
				79FFDB3E5163EED02D443902 /* Frameworks */,
			);
			indentWidth = 2;
			sourceTree = "<group>";
			tabWidth = 2;
			usesTabs = 0;
		};
		DD848B701EEBA850007D8A56 /* Products */ = {
			isa = PBXGroup;
			children = (
				DD848B6F1EEBA850007D8A56 /* BullsEye.app */,
				57A11CDA207B96D500859756 /* Tests.xctest */,
			);
			name = Products;
			sourceTree = "<group>";
		};
		DD848B711EEBA850007D8A56 /* BullsEye */ = {
			isa = PBXGroup;
			children = (
				D22DFDEE207E3C0700AD3E79 /* Presenter */,
				D22DFDEB207E3A6600AD3E79 /* View */,
				D203E834207CE74300081BC9 /* Game */,
				576C244720767216008E9B82 /* Model */,
				DD4643A51EF214F400E877E9 /* BullsEye.html */,
				DD848B721EEBA850007D8A56 /* AppDelegate.swift */,
				DD848B741EEBA850007D8A56 /* ViewController.swift */,
				DDFCE69B1EF0D7DF00B42325 /* AboutViewController.swift */,
				DD848B761EEBA850007D8A56 /* Main.storyboard */,
				DD848B791EEBA850007D8A56 /* Assets.xcassets */,
				DD848B7B1EEBA850007D8A56 /* LaunchScreen.storyboard */,
				DD848B7E1EEBA850007D8A56 /* Info.plist */,
				576C24432076518E008E9B82 /* ScoresViewController.swift */,
				576C244520766C6B008E9B82 /* ScoreCell.swift */,
			);
			path = BullsEye;
			sourceTree = "<group>";
		};
/* End PBXGroup section */

/* Begin PBXNativeTarget section */
		57A11CD9207B96D500859756 /* Tests */ = {
			isa = PBXNativeTarget;
			buildConfigurationList = 57A11CE3207B96D600859756 /* Build configuration list for PBXNativeTarget "Tests" */;
			buildPhases = (
				30E14E01AB108F06805ADD6F /* [CP] Check Pods Manifest.lock */,
				57A11CD6207B96D500859756 /* Sources */,
				57A11CD7207B96D500859756 /* Frameworks */,
				57A11CD8207B96D500859756 /* Resources */,
				A5CBE343B9BBF18DD746DD58 /* [CP] Embed Pods Frameworks */,
			);
			buildRules = (
			);
			dependencies = (
				57A11CE0207B96D600859756 /* PBXTargetDependency */,
			);
			name = Tests;
			productName = Tests;
			productReference = 57A11CDA207B96D500859756 /* Tests.xctest */;
			productType = "com.apple.product-type.bundle.unit-test";
		};
		DD848B6E1EEBA850007D8A56 /* BullsEye */ = {
			isa = PBXNativeTarget;
			buildConfigurationList = DD848B811EEBA850007D8A56 /* Build configuration list for PBXNativeTarget "BullsEye" */;
			buildPhases = (
				F9E1748BB4F8FD8D3DD77923 /* [CP] Check Pods Manifest.lock */,
				DD848B6B1EEBA850007D8A56 /* Sources */,
				DD848B6C1EEBA850007D8A56 /* Frameworks */,
				DD848B6D1EEBA850007D8A56 /* Resources */,
				19DC9B961E0A5FB2CF9A83AC /* [CP] Embed Pods Frameworks */,
			);
			buildRules = (
			);
			dependencies = (
			);
			name = BullsEye;
			productName = BullsEye;
			productReference = DD848B6F1EEBA850007D8A56 /* BullsEye.app */;
			productType = "com.apple.product-type.application";
		};
/* End PBXNativeTarget section */

/* Begin PBXProject section */
		DD848B671EEBA850007D8A56 /* Project object */ = {
			isa = PBXProject;
			attributes = {
				LastSwiftUpdateCheck = 0930;
				LastUpgradeCheck = 0900;
				ORGANIZATIONNAME = Razeware;
				TargetAttributes = {
					57A11CD9207B96D500859756 = {
						CreatedOnToolsVersion = 9.3;
						ProvisioningStyle = Automatic;
						TestTargetID = DD848B6E1EEBA850007D8A56;
					};
					DD848B6E1EEBA850007D8A56 = {
						CreatedOnToolsVersion = 9.0;
					};
				};
			};
			buildConfigurationList = DD848B6A1EEBA850007D8A56 /* Build configuration list for PBXProject "BullsEye" */;
			compatibilityVersion = "Xcode 8.0";
			developmentRegion = en;
			hasScannedForEncodings = 0;
			knownRegions = (
				en,
				Base,
			);
			mainGroup = DD848B661EEBA850007D8A56;
			productRefGroup = DD848B701EEBA850007D8A56 /* Products */;
			projectDirPath = "";
			projectRoot = "";
			targets = (
				DD848B6E1EEBA850007D8A56 /* BullsEye */,
				57A11CD9207B96D500859756 /* Tests */,
			);
		};
/* End PBXProject section */

/* Begin PBXResourcesBuildPhase section */
		57A11CD8207B96D500859756 /* Resources */ = {
			isa = PBXResourcesBuildPhase;
			buildActionMask = 2147483647;
			files = (
			);
			runOnlyForDeploymentPostprocessing = 0;
		};
		DD848B6D1EEBA850007D8A56 /* Resources */ = {
			isa = PBXResourcesBuildPhase;
			buildActionMask = 2147483647;
			files = (
				DD848B7D1EEBA850007D8A56 /* LaunchScreen.storyboard in Resources */,
				DD848B7A1EEBA850007D8A56 /* Assets.xcassets in Resources */,
				DD848B781EEBA850007D8A56 /* Main.storyboard in Resources */,
			);
			runOnlyForDeploymentPostprocessing = 0;
		};
/* End PBXResourcesBuildPhase section */

/* Begin PBXShellScriptBuildPhase section */
		19DC9B961E0A5FB2CF9A83AC /* [CP] Embed Pods Frameworks */ = {
			isa = PBXShellScriptBuildPhase;
			buildActionMask = 2147483647;
			files = (
			);
			inputPaths = (
				"${SRCROOT}/Pods/Target Support Files/Pods-BullsEye/Pods-BullsEye-frameworks.sh",
				"${BUILT_PRODUCTS_DIR}/Alamofire/Alamofire.framework",
			);
			name = "[CP] Embed Pods Frameworks";
			outputPaths = (
				"${TARGET_BUILD_DIR}/${FRAMEWORKS_FOLDER_PATH}/Alamofire.framework",
			);
			runOnlyForDeploymentPostprocessing = 0;
			shellPath = /bin/sh;
			shellScript = "\"${SRCROOT}/Pods/Target Support Files/Pods-BullsEye/Pods-BullsEye-frameworks.sh\"\n";
			showEnvVarsInLog = 0;
		};
		30E14E01AB108F06805ADD6F /* [CP] Check Pods Manifest.lock */ = {
			isa = PBXShellScriptBuildPhase;
			buildActionMask = 2147483647;
			files = (
			);
			inputPaths = (
				"${PODS_PODFILE_DIR_PATH}/Podfile.lock",
				"${PODS_ROOT}/Manifest.lock",
			);
			name = "[CP] Check Pods Manifest.lock";
			outputPaths = (
				"$(DERIVED_FILE_DIR)/Pods-Tests-checkManifestLockResult.txt",
			);
			runOnlyForDeploymentPostprocessing = 0;
			shellPath = /bin/sh;
			shellScript = "diff \"${PODS_PODFILE_DIR_PATH}/Podfile.lock\" \"${PODS_ROOT}/Manifest.lock\" > /dev/null\nif [ $? != 0 ] ; then\n    # print error to STDERR\n    echo \"error: The sandbox is not in sync with the Podfile.lock. Run 'pod install' or update your CocoaPods installation.\" >&2\n    exit 1\nfi\n# This output is used by Xcode 'outputs' to avoid re-running this script phase.\necho \"SUCCESS\" > \"${SCRIPT_OUTPUT_FILE_0}\"\n";
			showEnvVarsInLog = 0;
		};
		A5CBE343B9BBF18DD746DD58 /* [CP] Embed Pods Frameworks */ = {
			isa = PBXShellScriptBuildPhase;
			buildActionMask = 2147483647;
			files = (
			);
			inputPaths = (
				"${SRCROOT}/Pods/Target Support Files/Pods-Tests/Pods-Tests-frameworks.sh",
				"${BUILT_PRODUCTS_DIR}/Nimble/Nimble.framework",
				"${BUILT_PRODUCTS_DIR}/Quick/Quick.framework",
			);
			name = "[CP] Embed Pods Frameworks";
			outputPaths = (
				"${TARGET_BUILD_DIR}/${FRAMEWORKS_FOLDER_PATH}/Nimble.framework",
				"${TARGET_BUILD_DIR}/${FRAMEWORKS_FOLDER_PATH}/Quick.framework",
			);
			runOnlyForDeploymentPostprocessing = 0;
			shellPath = /bin/sh;
			shellScript = "\"${SRCROOT}/Pods/Target Support Files/Pods-Tests/Pods-Tests-frameworks.sh\"\n";
			showEnvVarsInLog = 0;
		};
		F9E1748BB4F8FD8D3DD77923 /* [CP] Check Pods Manifest.lock */ = {
			isa = PBXShellScriptBuildPhase;
			buildActionMask = 2147483647;
			files = (
			);
			inputPaths = (
				"${PODS_PODFILE_DIR_PATH}/Podfile.lock",
				"${PODS_ROOT}/Manifest.lock",
			);
			name = "[CP] Check Pods Manifest.lock";
			outputPaths = (
				"$(DERIVED_FILE_DIR)/Pods-BullsEye-checkManifestLockResult.txt",
			);
			runOnlyForDeploymentPostprocessing = 0;
			shellPath = /bin/sh;
			shellScript = "diff \"${PODS_PODFILE_DIR_PATH}/Podfile.lock\" \"${PODS_ROOT}/Manifest.lock\" > /dev/null\nif [ $? != 0 ] ; then\n    # print error to STDERR\n    echo \"error: The sandbox is not in sync with the Podfile.lock. Run 'pod install' or update your CocoaPods installation.\" >&2\n    exit 1\nfi\n# This output is used by Xcode 'outputs' to avoid re-running this script phase.\necho \"SUCCESS\" > \"${SCRIPT_OUTPUT_FILE_0}\"\n";
			showEnvVarsInLog = 0;
		};
/* End PBXShellScriptBuildPhase section */

/* Begin PBXSourcesBuildPhase section */
		57A11CD6207B96D500859756 /* Sources */ = {
			isa = PBXSourcesBuildPhase;
			buildActionMask = 2147483647;
			files = (
				D203E840207D001F00081BC9 /* PersonSpecs.swift in Sources */,
				D268BF4E207D37D400BEA227 /* ScoreSpecs.swift in Sources */,
				D268BF50207D5E6E00BEA227 /* ScoreCalculatorSpecs.swift in Sources */,
				D22FD9AB207E4409005FDDA9 /* GameViewControllerSpecs.swift in Sources */,
				D203E839207CE79700081BC9 /* BullsEyeSpecs.swift in Sources */,
				D22DFDF3207E3C7700AD3E79 /* GamePresenterSpecs.swift in Sources */,
			);
			runOnlyForDeploymentPostprocessing = 0;
		};
		DD848B6B1EEBA850007D8A56 /* Sources */ = {
			isa = PBXSourcesBuildPhase;
			buildActionMask = 2147483647;
			files = (
				D268BF4C207D117A00BEA227 /* ScoreCalculator.swift in Sources */,
				D203E836207CE76A00081BC9 /* Game.swift in Sources */,
				DDFCE69C1EF0D7DF00B42325 /* AboutViewController.swift in Sources */,
				D268BF49207D0A2600BEA227 /* Score.swift in Sources */,
				D29BDF37207E9373008F30D9 /* ScoreAlertGenerator.swift in Sources */,
				DD848B751EEBA850007D8A56 /* ViewController.swift in Sources */,
				D29BDF39207E94E3008F30D9 /* Alert.swift in Sources */,
				DD848B731EEBA850007D8A56 /* AppDelegate.swift in Sources */,
				576C244620766C6B008E9B82 /* ScoreCell.swift in Sources */,
				576C24492076721F008E9B82 /* PersonScore.swift in Sources */,
				D22DFDF0207E3C5600AD3E79 /* GamePresenter.swift in Sources */,
				D203E83D207CFEFC00081BC9 /* Person.swift in Sources */,
				D22DFDED207E3AA300AD3E79 /* GameViewController.swift in Sources */,
				576C24442076518E008E9B82 /* ScoresViewController.swift in Sources */,
			);
			runOnlyForDeploymentPostprocessing = 0;
		};
/* End PBXSourcesBuildPhase section */

/* Begin PBXTargetDependency section */
		57A11CE0207B96D600859756 /* PBXTargetDependency */ = {
			isa = PBXTargetDependency;
			target = DD848B6E1EEBA850007D8A56 /* BullsEye */;
			targetProxy = 57A11CDF207B96D600859756 /* PBXContainerItemProxy */;
		};
/* End PBXTargetDependency section */

/* Begin PBXVariantGroup section */
		DD848B761EEBA850007D8A56 /* Main.storyboard */ = {
			isa = PBXVariantGroup;
			children = (
				DD848B771EEBA850007D8A56 /* Base */,
			);
			name = Main.storyboard;
			sourceTree = "<group>";
		};
		DD848B7B1EEBA850007D8A56 /* LaunchScreen.storyboard */ = {
			isa = PBXVariantGroup;
			children = (
				DD848B7C1EEBA850007D8A56 /* Base */,
			);
			name = LaunchScreen.storyboard;
			sourceTree = "<group>";
		};
/* End PBXVariantGroup section */

/* Begin XCBuildConfiguration section */
		57A11CE1207B96D600859756 /* Debug */ = {
			isa = XCBuildConfiguration;
			baseConfigurationReference = 21778131D07F0727D4503DA2 /* Pods-Tests.debug.xcconfig */;
			buildSettings = {
				BUNDLE_LOADER = "$(TEST_HOST)";
				CLANG_ENABLE_OBJC_WEAK = YES;
				CLANG_WARN_DEPRECATED_OBJC_IMPLEMENTATIONS = YES;
				CLANG_WARN_OBJC_IMPLICIT_RETAIN_SELF = YES;
				CODE_SIGN_STYLE = Automatic;
				DEVELOPMENT_TEAM = LDB4YR574C;
				INFOPLIST_FILE = Tests/Info.plist;
				IPHONEOS_DEPLOYMENT_TARGET = 11.3;
				LD_RUNPATH_SEARCH_PATHS = "$(inherited) @executable_path/Frameworks @loader_path/Frameworks";
				PRODUCT_BUNDLE_IDENTIFIER = TW.Tests;
				PRODUCT_NAME = "$(TARGET_NAME)";
				SWIFT_VERSION = 4.0;
				TARGETED_DEVICE_FAMILY = "1,2";
				TEST_HOST = "$(BUILT_PRODUCTS_DIR)/BullsEye.app/BullsEye";
			};
			name = Debug;
		};
		57A11CE2207B96D600859756 /* Release */ = {
			isa = XCBuildConfiguration;
			baseConfigurationReference = CA7C43066304A329DB86604D /* Pods-Tests.release.xcconfig */;
			buildSettings = {
				BUNDLE_LOADER = "$(TEST_HOST)";
				CLANG_ENABLE_OBJC_WEAK = YES;
				CLANG_WARN_DEPRECATED_OBJC_IMPLEMENTATIONS = YES;
				CLANG_WARN_OBJC_IMPLICIT_RETAIN_SELF = YES;
				CODE_SIGN_STYLE = Automatic;
				DEVELOPMENT_TEAM = LDB4YR574C;
				INFOPLIST_FILE = Tests/Info.plist;
				IPHONEOS_DEPLOYMENT_TARGET = 11.3;
				LD_RUNPATH_SEARCH_PATHS = "$(inherited) @executable_path/Frameworks @loader_path/Frameworks";
				PRODUCT_BUNDLE_IDENTIFIER = TW.Tests;
				PRODUCT_NAME = "$(TARGET_NAME)";
				SWIFT_VERSION = 4.0;
				TARGETED_DEVICE_FAMILY = "1,2";
				TEST_HOST = "$(BUILT_PRODUCTS_DIR)/BullsEye.app/BullsEye";
			};
			name = Release;
		};
		DD848B7F1EEBA850007D8A56 /* Debug */ = {
			isa = XCBuildConfiguration;
			buildSettings = {
				ALWAYS_SEARCH_USER_PATHS = NO;
				CLANG_ANALYZER_NONNULL = YES;
				CLANG_ANALYZER_NUMBER_OBJECT_CONVERSION = YES_AGGRESSIVE;
				CLANG_CXX_LANGUAGE_STANDARD = "gnu++14";
				CLANG_CXX_LIBRARY = "libc++";
				CLANG_ENABLE_MODULES = YES;
				CLANG_ENABLE_OBJC_ARC = YES;
				CLANG_WARN_BLOCK_CAPTURE_AUTORELEASING = YES;
				CLANG_WARN_BOOL_CONVERSION = YES;
				CLANG_WARN_COMMA = YES;
				CLANG_WARN_CONSTANT_CONVERSION = YES;
				CLANG_WARN_DIRECT_OBJC_ISA_USAGE = YES_ERROR;
				CLANG_WARN_DOCUMENTATION_COMMENTS = YES;
				CLANG_WARN_EMPTY_BODY = YES;
				CLANG_WARN_ENUM_CONVERSION = YES;
				CLANG_WARN_INFINITE_RECURSION = YES;
				CLANG_WARN_INT_CONVERSION = YES;
				CLANG_WARN_NON_LITERAL_NULL_CONVERSION = YES;
				CLANG_WARN_OBJC_LITERAL_CONVERSION = YES;
				CLANG_WARN_OBJC_ROOT_CLASS = YES_ERROR;
				CLANG_WARN_RANGE_LOOP_ANALYSIS = YES;
				CLANG_WARN_STRICT_PROTOTYPES = YES;
				CLANG_WARN_SUSPICIOUS_MOVE = YES;
				CLANG_WARN_UNGUARDED_AVAILABILITY = YES_AGGRESSIVE;
				CLANG_WARN_UNREACHABLE_CODE = YES;
				CLANG_WARN__DUPLICATE_METHOD_MATCH = YES;
				CODE_SIGN_IDENTITY = "iPhone Developer";
				COPY_PHASE_STRIP = NO;
				DEBUG_INFORMATION_FORMAT = dwarf;
				ENABLE_STRICT_OBJC_MSGSEND = YES;
				ENABLE_TESTABILITY = YES;
				GCC_C_LANGUAGE_STANDARD = gnu11;
				GCC_DYNAMIC_NO_PIC = NO;
				GCC_NO_COMMON_BLOCKS = YES;
				GCC_OPTIMIZATION_LEVEL = 0;
				GCC_PREPROCESSOR_DEFINITIONS = (
					"DEBUG=1",
					"$(inherited)",
				);
				GCC_WARN_64_TO_32_BIT_CONVERSION = YES;
				GCC_WARN_ABOUT_RETURN_TYPE = YES_ERROR;
				GCC_WARN_UNDECLARED_SELECTOR = YES;
				GCC_WARN_UNINITIALIZED_AUTOS = YES_AGGRESSIVE;
				GCC_WARN_UNUSED_FUNCTION = YES;
				GCC_WARN_UNUSED_VARIABLE = YES;
				IPHONEOS_DEPLOYMENT_TARGET = 11.0;
				MTL_ENABLE_DEBUG_INFO = YES;
				ONLY_ACTIVE_ARCH = YES;
				SDKROOT = iphoneos;
				SWIFT_ACTIVE_COMPILATION_CONDITIONS = DEBUG;
				SWIFT_OPTIMIZATION_LEVEL = "-Onone";
			};
			name = Debug;
		};
		DD848B801EEBA850007D8A56 /* Release */ = {
			isa = XCBuildConfiguration;
			buildSettings = {
				ALWAYS_SEARCH_USER_PATHS = NO;
				CLANG_ANALYZER_NONNULL = YES;
				CLANG_ANALYZER_NUMBER_OBJECT_CONVERSION = YES_AGGRESSIVE;
				CLANG_CXX_LANGUAGE_STANDARD = "gnu++14";
				CLANG_CXX_LIBRARY = "libc++";
				CLANG_ENABLE_MODULES = YES;
				CLANG_ENABLE_OBJC_ARC = YES;
				CLANG_WARN_BLOCK_CAPTURE_AUTORELEASING = YES;
				CLANG_WARN_BOOL_CONVERSION = YES;
				CLANG_WARN_COMMA = YES;
				CLANG_WARN_CONSTANT_CONVERSION = YES;
				CLANG_WARN_DIRECT_OBJC_ISA_USAGE = YES_ERROR;
				CLANG_WARN_DOCUMENTATION_COMMENTS = YES;
				CLANG_WARN_EMPTY_BODY = YES;
				CLANG_WARN_ENUM_CONVERSION = YES;
				CLANG_WARN_INFINITE_RECURSION = YES;
				CLANG_WARN_INT_CONVERSION = YES;
				CLANG_WARN_NON_LITERAL_NULL_CONVERSION = YES;
				CLANG_WARN_OBJC_LITERAL_CONVERSION = YES;
				CLANG_WARN_OBJC_ROOT_CLASS = YES_ERROR;
				CLANG_WARN_RANGE_LOOP_ANALYSIS = YES;
				CLANG_WARN_STRICT_PROTOTYPES = YES;
				CLANG_WARN_SUSPICIOUS_MOVE = YES;
				CLANG_WARN_UNGUARDED_AVAILABILITY = YES_AGGRESSIVE;
				CLANG_WARN_UNREACHABLE_CODE = YES;
				CLANG_WARN__DUPLICATE_METHOD_MATCH = YES;
				CODE_SIGN_IDENTITY = "iPhone Developer";
				COPY_PHASE_STRIP = NO;
				DEBUG_INFORMATION_FORMAT = "dwarf-with-dsym";
				ENABLE_NS_ASSERTIONS = NO;
				ENABLE_STRICT_OBJC_MSGSEND = YES;
				GCC_C_LANGUAGE_STANDARD = gnu11;
				GCC_NO_COMMON_BLOCKS = YES;
				GCC_WARN_64_TO_32_BIT_CONVERSION = YES;
				GCC_WARN_ABOUT_RETURN_TYPE = YES_ERROR;
				GCC_WARN_UNDECLARED_SELECTOR = YES;
				GCC_WARN_UNINITIALIZED_AUTOS = YES_AGGRESSIVE;
				GCC_WARN_UNUSED_FUNCTION = YES;
				GCC_WARN_UNUSED_VARIABLE = YES;
				IPHONEOS_DEPLOYMENT_TARGET = 11.0;
				MTL_ENABLE_DEBUG_INFO = NO;
				SDKROOT = iphoneos;
				SWIFT_OPTIMIZATION_LEVEL = "-Owholemodule";
				VALIDATE_PRODUCT = YES;
			};
			name = Release;
		};
		DD848B821EEBA850007D8A56 /* Debug */ = {
			isa = XCBuildConfiguration;
			baseConfigurationReference = 13CC444BE5ACDA3792FD6928 /* Pods-BullsEye.debug.xcconfig */;
			buildSettings = {
				ASSETCATALOG_COMPILER_APPICON_NAME = AppIcon;
				DEVELOPMENT_TEAM = LL62P32G5C;
				INFOPLIST_FILE = BullsEye/Info.plist;
				IPHONEOS_DEPLOYMENT_TARGET = 10.3;
				LD_RUNPATH_SEARCH_PATHS = "$(inherited) @executable_path/Frameworks";
				PRODUCT_BUNDLE_IDENTIFIER = com.razeware.BullsEye;
				PRODUCT_NAME = "$(TARGET_NAME)";
				SWIFT_VERSION = 4.0;
				TARGETED_DEVICE_FAMILY = "1,2";
			};
			name = Debug;
		};
		DD848B831EEBA850007D8A56 /* Release */ = {
			isa = XCBuildConfiguration;
			baseConfigurationReference = 14AD6694F43471B886026769 /* Pods-BullsEye.release.xcconfig */;
			buildSettings = {
				ASSETCATALOG_COMPILER_APPICON_NAME = AppIcon;
				DEVELOPMENT_TEAM = LL62P32G5C;
				INFOPLIST_FILE = BullsEye/Info.plist;
				IPHONEOS_DEPLOYMENT_TARGET = 10.3;
				LD_RUNPATH_SEARCH_PATHS = "$(inherited) @executable_path/Frameworks";
				PRODUCT_BUNDLE_IDENTIFIER = com.razeware.BullsEye;
				PRODUCT_NAME = "$(TARGET_NAME)";
				SWIFT_VERSION = 4.0;
				TARGETED_DEVICE_FAMILY = "1,2";
			};
			name = Release;
		};
/* End XCBuildConfiguration section */

/* Begin XCConfigurationList section */
		57A11CE3207B96D600859756 /* Build configuration list for PBXNativeTarget "Tests" */ = {
			isa = XCConfigurationList;
			buildConfigurations = (
				57A11CE1207B96D600859756 /* Debug */,
				57A11CE2207B96D600859756 /* Release */,
			);
			defaultConfigurationIsVisible = 0;
			defaultConfigurationName = Release;
		};
		DD848B6A1EEBA850007D8A56 /* Build configuration list for PBXProject "BullsEye" */ = {
			isa = XCConfigurationList;
			buildConfigurations = (
				DD848B7F1EEBA850007D8A56 /* Debug */,
				DD848B801EEBA850007D8A56 /* Release */,
			);
			defaultConfigurationIsVisible = 0;
			defaultConfigurationName = Release;
		};
		DD848B811EEBA850007D8A56 /* Build configuration list for PBXNativeTarget "BullsEye" */ = {
			isa = XCConfigurationList;
			buildConfigurations = (
				DD848B821EEBA850007D8A56 /* Debug */,
				DD848B831EEBA850007D8A56 /* Release */,
			);
			defaultConfigurationIsVisible = 0;
			defaultConfigurationName = Release;
		};
/* End XCConfigurationList section */
	};
	rootObject = DD848B671EEBA850007D8A56 /* Project object */;
}
