// !$*UTF8*$!
{
	archiveVersion = 1;
	classes = {
	};
	objectVersion = 48;
	objects = {

/* Begin PBXBuildFile section */
		D201508420729C730078DCBA /* AppDelegate.swift in Sources */ = {isa = PBXBuildFile; fileRef = D201508320729C730078DCBA /* AppDelegate.swift */; };
		D201508620729C730078DCBA /* CurrentLocation.swift in Sources */ = {isa = PBXBuildFile; fileRef = D201508520729C730078DCBA /* CurrentLocation.swift */; };
		D201508820729C730078DCBA /* SecondViewController.swift in Sources */ = {isa = PBXBuildFile; fileRef = D201508720729C730078DCBA /* SecondViewController.swift */; };
		D201508B20729C730078DCBA /* Main.storyboard in Resources */ = {isa = PBXBuildFile; fileRef = D201508920729C730078DCBA /* Main.storyboard */; };
		D201508D20729C740078DCBA /* Assets.xcassets in Resources */ = {isa = PBXBuildFile; fileRef = D201508C20729C740078DCBA /* Assets.xcassets */; };
		D201509020729C740078DCBA /* LaunchScreen.storyboard in Resources */ = {isa = PBXBuildFile; fileRef = D201508E20729C740078DCBA /* LaunchScreen.storyboard */; };
		D2A12BE02073E75700F8A31D /* CategoryPicker.swift in Sources */ = {isa = PBXBuildFile; fileRef = D2A12BDF2073E75700F8A31D /* CategoryPicker.swift */; };
		D2A12BE220741D3000F8A31D /* HudView.swift in Sources */ = {isa = PBXBuildFile; fileRef = D2A12BE120741D3000F8A31D /* HudView.swift */; };
		D2A12BE420741D3A00F8A31D /* Functions.swift in Sources */ = {isa = PBXBuildFile; fileRef = D2A12BE320741D3A00F8A31D /* Functions.swift */; };
		D2BEE33B2072C648005C8F1A /* LocationDetails.swift in Sources */ = {isa = PBXBuildFile; fileRef = D2BEE33A2072C648005C8F1A /* LocationDetails.swift */; };
/* End PBXBuildFile section */

/* Begin PBXFileReference section */
		D201508020729C730078DCBA /* my-locations.app */ = {isa = PBXFileReference; explicitFileType = wrapper.application; includeInIndex = 0; path = "my-locations.app"; sourceTree = BUILT_PRODUCTS_DIR; };
		D201508320729C730078DCBA /* AppDelegate.swift */ = {isa = PBXFileReference; lastKnownFileType = sourcecode.swift; path = AppDelegate.swift; sourceTree = "<group>"; };
		D201508520729C730078DCBA /* CurrentLocation.swift */ = {isa = PBXFileReference; lastKnownFileType = sourcecode.swift; path = CurrentLocation.swift; sourceTree = "<group>"; };
		D201508720729C730078DCBA /* SecondViewController.swift */ = {isa = PBXFileReference; lastKnownFileType = sourcecode.swift; path = SecondViewController.swift; sourceTree = "<group>"; };
		D201508A20729C730078DCBA /* Base */ = {isa = PBXFileReference; lastKnownFileType = file.storyboard; name = Base; path = Base.lproj/Main.storyboard; sourceTree = "<group>"; };
		D201508C20729C740078DCBA /* Assets.xcassets */ = {isa = PBXFileReference; lastKnownFileType = folder.assetcatalog; path = Assets.xcassets; sourceTree = "<group>"; };
		D201508F20729C740078DCBA /* Base */ = {isa = PBXFileReference; lastKnownFileType = file.storyboard; name = Base; path = Base.lproj/LaunchScreen.storyboard; sourceTree = "<group>"; };
		D201509120729C740078DCBA /* Info.plist */ = {isa = PBXFileReference; lastKnownFileType = text.plist.xml; path = Info.plist; sourceTree = "<group>"; };
		D2A12BDF2073E75700F8A31D /* CategoryPicker.swift */ = {isa = PBXFileReference; lastKnownFileType = sourcecode.swift; path = CategoryPicker.swift; sourceTree = "<group>"; };
		D2A12BE120741D3000F8A31D /* HudView.swift */ = {isa = PBXFileReference; fileEncoding = 4; lastKnownFileType = sourcecode.swift; path = HudView.swift; sourceTree = "<group>"; };
		D2A12BE320741D3A00F8A31D /* Functions.swift */ = {isa = PBXFileReference; fileEncoding = 4; lastKnownFileType = sourcecode.swift; path = Functions.swift; sourceTree = "<group>"; };
		D2BEE33A2072C648005C8F1A /* LocationDetails.swift */ = {isa = PBXFileReference; lastKnownFileType = sourcecode.swift; path = LocationDetails.swift; sourceTree = "<group>"; };
/* End PBXFileReference section */

/* Begin PBXFrameworksBuildPhase section */
		D201507D20729C730078DCBA /* Frameworks */ = {
			isa = PBXFrameworksBuildPhase;
			buildActionMask = 2147483647;
			files = (
			);
			runOnlyForDeploymentPostprocessing = 0;
		};
/* End PBXFrameworksBuildPhase section */

/* Begin PBXGroup section */
		D201507720729C730078DCBA = {
			isa = PBXGroup;
			children = (
				D201508220729C730078DCBA /* my-locations */,
				D201508120729C730078DCBA /* Products */,
			);
			sourceTree = "<group>";
		};
		D201508120729C730078DCBA /* Products */ = {
			isa = PBXGroup;
			children = (
				D201508020729C730078DCBA /* my-locations.app */,
			);
			name = Products;
			sourceTree = "<group>";
		};
		D201508220729C730078DCBA /* my-locations */ = {
			isa = PBXGroup;
			children = (
				D2BEE3392072AC23005C8F1A /* View Controller */,
				D201508320729C730078DCBA /* AppDelegate.swift */,
				D2A12BE320741D3A00F8A31D /* Functions.swift */,
				D2A12BE120741D3000F8A31D /* HudView.swift */,
				D201508720729C730078DCBA /* SecondViewController.swift */,
				D201508920729C730078DCBA /* Main.storyboard */,
				D201508C20729C740078DCBA /* Assets.xcassets */,
				D201508E20729C740078DCBA /* LaunchScreen.storyboard */,
				D201509120729C740078DCBA /* Info.plist */,
			);
			path = "my-locations";
			sourceTree = "<group>";
		};
		D2BEE3392072AC23005C8F1A /* View Controller */ = {
			isa = PBXGroup;
			children = (
				D201508520729C730078DCBA /* CurrentLocation.swift */,
				D2BEE33A2072C648005C8F1A /* LocationDetails.swift */,
				D2A12BDF2073E75700F8A31D /* CategoryPicker.swift */,
			);
			path = "View Controller";
			sourceTree = "<group>";
		};
/* End PBXGroup section */

/* Begin PBXNativeTarget section */
		D201507F20729C730078DCBA /* my-locations */ = {
			isa = PBXNativeTarget;
			buildConfigurationList = D201509420729C740078DCBA /* Build configuration list for PBXNativeTarget "my-locations" */;
			buildPhases = (
				D201507C20729C730078DCBA /* Sources */,
				D201507D20729C730078DCBA /* Frameworks */,
				D201507E20729C730078DCBA /* Resources */,
			);
			buildRules = (
			);
			dependencies = (
			);
			name = "my-locations";
			productName = "my-locations";
			productReference = D201508020729C730078DCBA /* my-locations.app */;
			productType = "com.apple.product-type.application";
		};
/* End PBXNativeTarget section */

/* Begin PBXProject section */
		D201507820729C730078DCBA /* Project object */ = {
			isa = PBXProject;
			attributes = {
				LastSwiftUpdateCheck = 0920;
				LastUpgradeCheck = 0920;
				ORGANIZATIONNAME = "Eduardo Moroni";
				TargetAttributes = {
					D201507F20729C730078DCBA = {
						CreatedOnToolsVersion = 9.2;
						ProvisioningStyle = Automatic;
					};
				};
			};
			buildConfigurationList = D201507B20729C730078DCBA /* Build configuration list for PBXProject "my-locations" */;
			compatibilityVersion = "Xcode 8.0";
			developmentRegion = en;
			hasScannedForEncodings = 0;
			knownRegions = (
				en,
				Base,
			);
			mainGroup = D201507720729C730078DCBA;
			productRefGroup = D201508120729C730078DCBA /* Products */;
			projectDirPath = "";
			projectRoot = "";
			targets = (
				D201507F20729C730078DCBA /* my-locations */,
			);
		};
/* End PBXProject section */

/* Begin PBXResourcesBuildPhase section */
		D201507E20729C730078DCBA /* Resources */ = {
			isa = PBXResourcesBuildPhase;
			buildActionMask = 2147483647;
			files = (
				D201509020729C740078DCBA /* LaunchScreen.storyboard in Resources */,
				D201508D20729C740078DCBA /* Assets.xcassets in Resources */,
				D201508B20729C730078DCBA /* Main.storyboard in Resources */,
			);
			runOnlyForDeploymentPostprocessing = 0;
		};
/* End PBXResourcesBuildPhase section */

/* Begin PBXSourcesBuildPhase section */
		D201507C20729C730078DCBA /* Sources */ = {
			isa = PBXSourcesBuildPhase;
			buildActionMask = 2147483647;
			files = (
				D2BEE33B2072C648005C8F1A /* LocationDetails.swift in Sources */,
				D201508820729C730078DCBA /* SecondViewController.swift in Sources */,
				D2A12BE220741D3000F8A31D /* HudView.swift in Sources */,
				D2A12BE420741D3A00F8A31D /* Functions.swift in Sources */,
				D201508420729C730078DCBA /* AppDelegate.swift in Sources */,
				D2A12BE02073E75700F8A31D /* CategoryPicker.swift in Sources */,
				D201508620729C730078DCBA /* CurrentLocation.swift in Sources */,
			);
			runOnlyForDeploymentPostprocessing = 0;
		};
/* End PBXSourcesBuildPhase section */

/* Begin PBXVariantGroup section */
		D201508920729C730078DCBA /* Main.storyboard */ = {
			isa = PBXVariantGroup;
			children = (
				D201508A20729C730078DCBA /* Base */,
			);
			name = Main.storyboard;
			sourceTree = "<group>";
		};
		D201508E20729C740078DCBA /* LaunchScreen.storyboard */ = {
			isa = PBXVariantGroup;
			children = (
				D201508F20729C740078DCBA /* Base */,
			);
			name = LaunchScreen.storyboard;
			sourceTree = "<group>";
		};
/* End PBXVariantGroup section */

/* Begin XCBuildConfiguration section */
		D201509220729C740078DCBA /* Debug */ = {
			isa = XCBuildConfiguration;
			buildSettings = {
				ALWAYS_SEARCH_USER_PATHS = NO;
				CLANG_ANALYZER_NONNULL = YES;
				CLANG_ANALYZER_NUMBER_OBJECT_CONVERSION = YES_AGGRESSIVE;
				CLANG_CXX_LANGUAGE_STANDARD = "gnu++14";
				CLANG_CXX_LIBRARY = "libc++";
				CLANG_ENABLE_MODULES = YES;
				CLANG_ENABLE_OBJC_ARC = YES;
				CLANG_WARN_BLOCK_CAPTURE_AUTORELEASING = YES;
				CLANG_WARN_BOOL_CONVERSION = YES;
				CLANG_WARN_COMMA = YES;
				CLANG_WARN_CONSTANT_CONVERSION = YES;
				CLANG_WARN_DIRECT_OBJC_ISA_USAGE = YES_ERROR;
				CLANG_WARN_DOCUMENTATION_COMMENTS = YES;
				CLANG_WARN_EMPTY_BODY = YES;
				CLANG_WARN_ENUM_CONVERSION = YES;
				CLANG_WARN_INFINITE_RECURSION = YES;
				CLANG_WARN_INT_CONVERSION = YES;
				CLANG_WARN_NON_LITERAL_NULL_CONVERSION = YES;
				CLANG_WARN_OBJC_LITERAL_CONVERSION = YES;
				CLANG_WARN_OBJC_ROOT_CLASS = YES_ERROR;
				CLANG_WARN_RANGE_LOOP_ANALYSIS = YES;
				CLANG_WARN_STRICT_PROTOTYPES = YES;
				CLANG_WARN_SUSPICIOUS_MOVE = YES;
				CLANG_WARN_UNGUARDED_AVAILABILITY = YES_AGGRESSIVE;
				CLANG_WARN_UNREACHABLE_CODE = YES;
				CLANG_WARN__DUPLICATE_METHOD_MATCH = YES;
				CODE_SIGN_IDENTITY = "iPhone Developer";
				COPY_PHASE_STRIP = NO;
				DEBUG_INFORMATION_FORMAT = dwarf;
				ENABLE_STRICT_OBJC_MSGSEND = YES;
				ENABLE_TESTABILITY = YES;
				GCC_C_LANGUAGE_STANDARD = gnu11;
				GCC_DYNAMIC_NO_PIC = NO;
				GCC_NO_COMMON_BLOCKS = YES;
				GCC_OPTIMIZATION_LEVEL = 0;
				GCC_PREPROCESSOR_DEFINITIONS = (
					"DEBUG=1",
					"$(inherited)",
				);
				GCC_WARN_64_TO_32_BIT_CONVERSION = YES;
				GCC_WARN_ABOUT_RETURN_TYPE = YES_ERROR;
				GCC_WARN_UNDECLARED_SELECTOR = YES;
				GCC_WARN_UNINITIALIZED_AUTOS = YES_AGGRESSIVE;
				GCC_WARN_UNUSED_FUNCTION = YES;
				GCC_WARN_UNUSED_VARIABLE = YES;
				IPHONEOS_DEPLOYMENT_TARGET = 11.2;
				MTL_ENABLE_DEBUG_INFO = YES;
				ONLY_ACTIVE_ARCH = YES;
				SDKROOT = iphoneos;
				SWIFT_ACTIVE_COMPILATION_CONDITIONS = DEBUG;
				SWIFT_OPTIMIZATION_LEVEL = "-Onone";
			};
			name = Debug;
		};
		D201509320729C740078DCBA /* Release */ = {
			isa = XCBuildConfiguration;
			buildSettings = {
				ALWAYS_SEARCH_USER_PATHS = NO;
				CLANG_ANALYZER_NONNULL = YES;
				CLANG_ANALYZER_NUMBER_OBJECT_CONVERSION = YES_AGGRESSIVE;
				CLANG_CXX_LANGUAGE_STANDARD = "gnu++14";
				CLANG_CXX_LIBRARY = "libc++";
				CLANG_ENABLE_MODULES = YES;
				CLANG_ENABLE_OBJC_ARC = YES;
				CLANG_WARN_BLOCK_CAPTURE_AUTORELEASING = YES;
				CLANG_WARN_BOOL_CONVERSION = YES;
				CLANG_WARN_COMMA = YES;
				CLANG_WARN_CONSTANT_CONVERSION = YES;
				CLANG_WARN_DIRECT_OBJC_ISA_USAGE = YES_ERROR;
				CLANG_WARN_DOCUMENTATION_COMMENTS = YES;
				CLANG_WARN_EMPTY_BODY = YES;
				CLANG_WARN_ENUM_CONVERSION = YES;
				CLANG_WARN_INFINITE_RECURSION = YES;
				CLANG_WARN_INT_CONVERSION = YES;
				CLANG_WARN_NON_LITERAL_NULL_CONVERSION = YES;
				CLANG_WARN_OBJC_LITERAL_CONVERSION = YES;
				CLANG_WARN_OBJC_ROOT_CLASS = YES_ERROR;
				CLANG_WARN_RANGE_LOOP_ANALYSIS = YES;
				CLANG_WARN_STRICT_PROTOTYPES = YES;
				CLANG_WARN_SUSPICIOUS_MOVE = YES;
				CLANG_WARN_UNGUARDED_AVAILABILITY = YES_AGGRESSIVE;
				CLANG_WARN_UNREACHABLE_CODE = YES;
				CLANG_WARN__DUPLICATE_METHOD_MATCH = YES;
				CODE_SIGN_IDENTITY = "iPhone Developer";
				COPY_PHASE_STRIP = NO;
				DEBUG_INFORMATION_FORMAT = "dwarf-with-dsym";
				ENABLE_NS_ASSERTIONS = NO;
				ENABLE_STRICT_OBJC_MSGSEND = YES;
				GCC_C_LANGUAGE_STANDARD = gnu11;
				GCC_NO_COMMON_BLOCKS = YES;
				GCC_WARN_64_TO_32_BIT_CONVERSION = YES;
				GCC_WARN_ABOUT_RETURN_TYPE = YES_ERROR;
				GCC_WARN_UNDECLARED_SELECTOR = YES;
				GCC_WARN_UNINITIALIZED_AUTOS = YES_AGGRESSIVE;
				GCC_WARN_UNUSED_FUNCTION = YES;
				GCC_WARN_UNUSED_VARIABLE = YES;
				IPHONEOS_DEPLOYMENT_TARGET = 11.2;
				MTL_ENABLE_DEBUG_INFO = NO;
				SDKROOT = iphoneos;
				SWIFT_OPTIMIZATION_LEVEL = "-Owholemodule";
				VALIDATE_PRODUCT = YES;
			};
			name = Release;
		};
		D201509520729C740078DCBA /* Debug */ = {
			isa = XCBuildConfiguration;
			buildSettings = {
				ASSETCATALOG_COMPILER_APPICON_NAME = AppIcon;
				CODE_SIGN_STYLE = Automatic;
				INFOPLIST_FILE = "my-locations/Info.plist";
				LD_RUNPATH_SEARCH_PATHS = "$(inherited) @executable_path/Frameworks";
				PRODUCT_BUNDLE_IDENTIFIER = "com.eduardomoroni.my-locations";
				PRODUCT_NAME = "$(TARGET_NAME)";
				SWIFT_VERSION = 4.0;
				TARGETED_DEVICE_FAMILY = "1,2";
			};
			name = Debug;
		};
		D201509620729C740078DCBA /* Release */ = {
			isa = XCBuildConfiguration;
			buildSettings = {
				ASSETCATALOG_COMPILER_APPICON_NAME = AppIcon;
				CODE_SIGN_STYLE = Automatic;
				INFOPLIST_FILE = "my-locations/Info.plist";
				LD_RUNPATH_SEARCH_PATHS = "$(inherited) @executable_path/Frameworks";
				PRODUCT_BUNDLE_IDENTIFIER = "com.eduardomoroni.my-locations";
				PRODUCT_NAME = "$(TARGET_NAME)";
				SWIFT_VERSION = 4.0;
				TARGETED_DEVICE_FAMILY = "1,2";
			};
			name = Release;
		};
/* End XCBuildConfiguration section */

/* Begin XCConfigurationList section */
		D201507B20729C730078DCBA /* Build configuration list for PBXProject "my-locations" */ = {
			isa = XCConfigurationList;
			buildConfigurations = (
				D201509220729C740078DCBA /* Debug */,
				D201509320729C740078DCBA /* Release */,
			);
			defaultConfigurationIsVisible = 0;
			defaultConfigurationName = Release;
		};
		D201509420729C740078DCBA /* Build configuration list for PBXNativeTarget "my-locations" */ = {
			isa = XCConfigurationList;
			buildConfigurations = (
				D201509520729C740078DCBA /* Debug */,
				D201509620729C740078DCBA /* Release */,
			);
			defaultConfigurationIsVisible = 0;
			defaultConfigurationName = Release;
		};
/* End XCConfigurationList section */
	};
	rootObject = D201507820729C730078DCBA /* Project object */;
}
